
Microsoft Visual Studio Solution File, Format Version 12.00
# Visual Studio Version 16
VisualStudioVersion = 16.0.29503.13
MinimumVisualStudioVersion = 10.0.40219.1
Project("{9A19103F-16F7-4668-BE54-9A1E7A4F7556}") = "FacebookCommentWatcher", "FacebookCommentWatcher\FacebookCommentWatcher.csproj", "{0845EE53-850C-4744-98C7-6C96851FE9C7}"
EndProject
Project("{FAE04EC0-301F-11D3-BF4B-00C04F79EFBC}") = "YoutubeCommentWatcher", "YoutubeCommentWatcher\YoutubeCommentWatcher.csproj", "{C92979ED-A6C8-4FCE-9238-C9C3F2A3503D}"
EndProject
Global
	GlobalSection(SolutionConfigurationPlatforms) = preSolution
		Debug|Any CPU = Debug|Any CPU
		Release|Any CPU = Release|Any CPU
	EndGlobalSection
	GlobalSection(ProjectConfigurationPlatforms) = postSolution
		{0845EE53-850C-4744-98C7-6C96851FE9C7}.Debug|Any CPU.ActiveCfg = Debug|Any CPU
		{0845EE53-850C-4744-98C7-6C96851FE9C7}.Debug|Any CPU.Build.0 = Debug|Any CPU
		{0845EE53-850C-4744-98C7-6C96851FE9C7}.Release|Any CPU.ActiveCfg = Release|Any CPU
		{0845EE53-850C-4744-98C7-6C96851FE9C7}.Release|Any CPU.Build.0 = Release|Any CPU
		{C92979ED-A6C8-4FCE-9238-C9C3F2A3503D}.Debug|Any CPU.ActiveCfg = Debug|Any CPU
		{C92979ED-A6C8-4FCE-9238-C9C3F2A3503D}.Debug|Any CPU.Build.0 = Debug|Any CPU
		{C92979ED-A6C8-4FCE-9238-C9C3F2A3503D}.Release|Any CPU.ActiveCfg = Release|Any CPU
		{C92979ED-A6C8-4FCE-9238-C9C3F2A3503D}.Release|Any CPU.Build.0 = Release|Any CPU
	EndGlobalSection
	GlobalSection(SolutionProperties) = preSolution
		HideSolutionNode = FALSE
	EndGlobalSection
	GlobalSection(ExtensibilityGlobals) = postSolution
		SolutionGuid = {A5065DAE-AFF6-4680-B91D-6F86040D90E8}
	EndGlobalSection
EndGlobal
